// !$*UTF8*$!
{
	archiveVersion = 1;
	classes = {
	};
	objectVersion = 56;
	objects = {

/* Begin PBXBuildFile section */
		3A59F6012C5686F500118B9D /* ILScreenRoot in Frameworks */ = {isa = PBXBuildFile; productRef = 3A59F6002C5686F500118B9D /* ILScreenRoot */; };
		3A59F6052C569BB300118B9D /* ILScreenFeed in Frameworks */ = {isa = PBXBuildFile; productRef = 3A59F6042C569BB300118B9D /* ILScreenFeed */; };
		3A59F6072C569E2F00118B9D /* DLNetwork in Frameworks */ = {isa = PBXBuildFile; productRef = 3A59F6062C569E2F00118B9D /* DLNetwork */; };
		3AADCB4B2C56510A00666193 /* LKTTApp.swift in Sources */ = {isa = PBXBuildFile; fileRef = 3AADCB4A2C56510A00666193 /* LKTTApp.swift */; };
		3AADCB4F2C56510B00666193 /* Assets.xcassets in Resources */ = {isa = PBXBuildFile; fileRef = 3AADCB4E2C56510B00666193 /* Assets.xcassets */; };
		3AADCB522C56510B00666193 /* Preview Assets.xcassets in Resources */ = {isa = PBXBuildFile; fileRef = 3AADCB512C56510B00666193 /* Preview Assets.xcassets */; };
		3AADCB692C56528300666193 /* dl-entities in Resources */ = {isa = PBXBuildFile; fileRef = 3AADCB682C56528300666193 /* dl-entities */; };
/* End PBXBuildFile section */

/* Begin PBXFileReference section */
		3A3A91442C5679470064F335 /* dl-use-cases-protocols */ = {isa = PBXFileReference; lastKnownFileType = wrapper; path = "dl-use-cases-protocols"; sourceTree = "<group>"; };
		3A43AFCB2C5A4B60006A9B40 /* dl-logic */ = {isa = PBXFileReference; lastKnownFileType = wrapper; path = "dl-logic"; sourceTree = "<group>"; };
		3A43AFCC2C5A4C10006A9B40 /* Info.plist */ = {isa = PBXFileReference; lastKnownFileType = text.plist; path = Info.plist; sourceTree = "<group>"; };
		3A43AFCF2C5A4DF0006A9B40 /* Debug.xcconfig */ = {isa = PBXFileReference; lastKnownFileType = text.xcconfig; path = Debug.xcconfig; sourceTree = "<group>"; };
		3A59F6022C56874B00118B9D /* il-screen-feed */ = {isa = PBXFileReference; lastKnownFileType = wrapper; path = "il-screen-feed"; sourceTree = "<group>"; };
		3A59F6032C56877F00118B9D /* il-screen-root */ = {isa = PBXFileReference; lastKnownFileType = wrapper; path = "il-screen-root"; sourceTree = "<group>"; };
		3A999F142C5653DD00E9F408 /* dl-use-cases */ = {isa = PBXFileReference; lastKnownFileType = wrapper; path = "dl-use-cases"; sourceTree = "<group>"; };
		3A999F172C5658F500E9F408 /* dl-repositories */ = {isa = PBXFileReference; lastKnownFileType = wrapper; path = "dl-repositories"; sourceTree = "<group>"; };
		3AADCB472C56510900666193 /* App.app */ = {isa = PBXFileReference; explicitFileType = wrapper.application; includeInIndex = 0; path = App.app; sourceTree = BUILT_PRODUCTS_DIR; };
		3AADCB4A2C56510A00666193 /* LKTTApp.swift */ = {isa = PBXFileReference; lastKnownFileType = sourcecode.swift; path = LKTTApp.swift; sourceTree = "<group>"; };
		3AADCB4E2C56510B00666193 /* Assets.xcassets */ = {isa = PBXFileReference; lastKnownFileType = folder.assetcatalog; path = Assets.xcassets; sourceTree = "<group>"; };
		3AADCB512C56510B00666193 /* Preview Assets.xcassets */ = {isa = PBXFileReference; lastKnownFileType = folder.assetcatalog; path = "Preview Assets.xcassets"; sourceTree = "<group>"; };
		3AADCB682C56528300666193 /* dl-entities */ = {isa = PBXFileReference; lastKnownFileType = wrapper; path = "dl-entities"; sourceTree = "<group>"; };
/* End PBXFileReference section */

/* Begin PBXFrameworksBuildPhase section */
		3AADCB442C56510900666193 /* Frameworks */ = {
			isa = PBXFrameworksBuildPhase;
			buildActionMask = 2147483647;
			files = (
				3A59F6072C569E2F00118B9D /* DLNetwork in Frameworks */,
				3A59F6012C5686F500118B9D /* ILScreenRoot in Frameworks */,
				3A59F6052C569BB300118B9D /* ILScreenFeed in Frameworks */,
			);
			runOnlyForDeploymentPostprocessing = 0;
		};
/* End PBXFrameworksBuildPhase section */

/* Begin PBXGroup section */
		3A59F5FC2C5685E300118B9D /* ILPackages */ = {
			isa = PBXGroup;
			children = (
				3A59F5FD2C5685EA00118B9D /* Screens */,
			);
			path = ILPackages;
			sourceTree = "<group>";
		};
		3A59F5FD2C5685EA00118B9D /* Screens */ = {
			isa = PBXGroup;
			children = (
				3A59F6022C56874B00118B9D /* il-screen-feed */,
				3A59F6032C56877F00118B9D /* il-screen-root */,
			);
			path = Screens;
			sourceTree = "<group>";
		};
		3A59F5FF2C5686F500118B9D /* Frameworks */ = {
			isa = PBXGroup;
			children = (
			);
			name = Frameworks;
			sourceTree = "<group>";
		};
		3AADCB3C2C5650FC00666193 = {
			isa = PBXGroup;
			children = (
				3AADCB492C56510A00666193 /* App */,
				3AADCB592C5651FE00666193 /* Packages */,
				3AADCB482C56510900666193 /* Products */,
				3A59F5FF2C5686F500118B9D /* Frameworks */,
			);
			sourceTree = "<group>";
		};
		3AADCB482C56510900666193 /* Products */ = {
			isa = PBXGroup;
			children = (
				3AADCB472C56510900666193 /* App.app */,
			);
			name = Products;
			sourceTree = "<group>";
		};
		3AADCB492C56510A00666193 /* App */ = {
			isa = PBXGroup;
			children = (
				3A43AFCC2C5A4C10006A9B40 /* Info.plist */,
				3AADCB582C56511D00666193 /* Resources */,
				3AADCB572C56511800666193 /* Sources */,
			);
			path = App;
			sourceTree = "<group>";
		};
		3AADCB502C56510B00666193 /* Preview Content */ = {
			isa = PBXGroup;
			children = (
				3AADCB512C56510B00666193 /* Preview Assets.xcassets */,
			);
			path = "Preview Content";
			sourceTree = "<group>";
		};
		3AADCB572C56511800666193 /* Sources */ = {
			isa = PBXGroup;
			children = (
				3AADCB4A2C56510A00666193 /* LKTTApp.swift */,
			);
			path = Sources;
			sourceTree = "<group>";
		};
		3AADCB582C56511D00666193 /* Resources */ = {
			isa = PBXGroup;
			children = (
				3AADCB4E2C56510B00666193 /* Assets.xcassets */,
				3AADCB502C56510B00666193 /* Preview Content */,
				3A43AFCF2C5A4DF0006A9B40 /* Debug.xcconfig */,
			);
			path = Resources;
			sourceTree = "<group>";
		};
		3AADCB592C5651FE00666193 /* Packages */ = {
			isa = PBXGroup;
			children = (
				3AADCB5A2C56520200666193 /* DLPackages */,
				3A59F5FC2C5685E300118B9D /* ILPackages */,
			);
			path = Packages;
			sourceTree = "<group>";
		};
		3AADCB5A2C56520200666193 /* DLPackages */ = {
			isa = PBXGroup;
			children = (
				3A43AFCB2C5A4B60006A9B40 /* dl-logic */,
				3AADCB682C56528300666193 /* dl-entities */,
				3A999F142C5653DD00E9F408 /* dl-use-cases */,
				3A3A91442C5679470064F335 /* dl-use-cases-protocols */,
				3A999F172C5658F500E9F408 /* dl-repositories */,
			);
			path = DLPackages;
			sourceTree = "<group>";
		};
/* End PBXGroup section */

/* Begin PBXNativeTarget section */
		3AADCB462C56510900666193 /* App */ = {
			isa = PBXNativeTarget;
			buildConfigurationList = 3AADCB532C56510B00666193 /* Build configuration list for PBXNativeTarget "App" */;
			buildPhases = (
				3AADCB432C56510900666193 /* Sources */,
				3AADCB442C56510900666193 /* Frameworks */,
				3AADCB452C56510900666193 /* Resources */,
			);
			buildRules = (
			);
			dependencies = (
			);
			name = App;
			packageProductDependencies = (
				3A59F6002C5686F500118B9D /* ILScreenRoot */,
				3A59F6042C569BB300118B9D /* ILScreenFeed */,
				3A59F6062C569E2F00118B9D /* DLNetwork */,
			);
			productName = App;
			productReference = 3AADCB472C56510900666193 /* App.app */;
			productType = "com.apple.product-type.application";
		};
/* End PBXNativeTarget section */

/* Begin PBXProject section */
		3AADCB3D2C5650FC00666193 /* Project object */ = {
			isa = PBXProject;
			attributes = {
				BuildIndependentTargetsInParallel = 1;
				LastSwiftUpdateCheck = 1500;
				LastUpgradeCheck = 1500;
				TargetAttributes = {
					3AADCB462C56510900666193 = {
						CreatedOnToolsVersion = 15.0.1;
					};
				};
			};
			buildConfigurationList = 3AADCB402C5650FC00666193 /* Build configuration list for PBXProject "LKTT" */;
			compatibilityVersion = "Xcode 14.0";
			developmentRegion = en;
			hasScannedForEncodings = 0;
			knownRegions = (
				en,
				Base,
			);
			mainGroup = 3AADCB3C2C5650FC00666193;
			productRefGroup = 3AADCB482C56510900666193 /* Products */;
			projectDirPath = "";
			projectRoot = "";
			targets = (
				3AADCB462C56510900666193 /* App */,
			);
		};
/* End PBXProject section */

/* Begin PBXResourcesBuildPhase section */
		3AADCB452C56510900666193 /* Resources */ = {
			isa = PBXResourcesBuildPhase;
			buildActionMask = 2147483647;
			files = (
				3AADCB692C56528300666193 /* dl-entities in Resources */,
				3AADCB522C56510B00666193 /* Preview Assets.xcassets in Resources */,
				3AADCB4F2C56510B00666193 /* Assets.xcassets in Resources */,
			);
			runOnlyForDeploymentPostprocessing = 0;
		};
/* End PBXResourcesBuildPhase section */

/* Begin PBXSourcesBuildPhase section */
		3AADCB432C56510900666193 /* Sources */ = {
			isa = PBXSourcesBuildPhase;
			buildActionMask = 2147483647;
			files = (
				3AADCB4B2C56510A00666193 /* LKTTApp.swift in Sources */,
			);
			runOnlyForDeploymentPostprocessing = 0;
		};
/* End PBXSourcesBuildPhase section */

/* Begin XCBuildConfiguration section */
		3AADCB412C5650FC00666193 /* Debug */ = {
			isa = XCBuildConfiguration;
			baseConfigurationReference = 3A43AFCF2C5A4DF0006A9B40 /* Debug.xcconfig */;
			buildSettings = {
			};
			name = Debug;
		};
		3AADCB422C5650FC00666193 /* Release */ = {
			isa = XCBuildConfiguration;
			buildSettings = {
			};
			name = Release;
		};
		3AADCB542C56510B00666193 /* Debug */ = {
			isa = XCBuildConfiguration;
			buildSettings = {
				ALWAYS_SEARCH_USER_PATHS = NO;
				ASSETCATALOG_COMPILER_APPICON_NAME = AppIcon;
				ASSETCATALOG_COMPILER_GENERATE_SWIFT_ASSET_SYMBOL_EXTENSIONS = YES;
				ASSETCATALOG_COMPILER_GLOBAL_ACCENT_COLOR_NAME = AccentColor;
				CLANG_ANALYZER_NONNULL = YES;
				CLANG_ANALYZER_NUMBER_OBJECT_CONVERSION = YES_AGGRESSIVE;
				CLANG_CXX_LANGUAGE_STANDARD = "gnu++20";
				CLANG_ENABLE_MODULES = YES;
				CLANG_ENABLE_OBJC_ARC = YES;
				CLANG_ENABLE_OBJC_WEAK = YES;
				CLANG_WARN_BLOCK_CAPTURE_AUTORELEASING = YES;
				CLANG_WARN_BOOL_CONVERSION = YES;
				CLANG_WARN_COMMA = YES;
				CLANG_WARN_CONSTANT_CONVERSION = YES;
				CLANG_WARN_DEPRECATED_OBJC_IMPLEMENTATIONS = YES;
				CLANG_WARN_DIRECT_OBJC_ISA_USAGE = YES_ERROR;
				CLANG_WARN_DOCUMENTATION_COMMENTS = YES;
				CLANG_WARN_EMPTY_BODY = YES;
				CLANG_WARN_ENUM_CONVERSION = YES;
				CLANG_WARN_INFINITE_RECURSION = YES;
				CLANG_WARN_INT_CONVERSION = YES;
				CLANG_WARN_NON_LITERAL_NULL_CONVERSION = YES;
				CLANG_WARN_OBJC_IMPLICIT_RETAIN_SELF = YES;
				CLANG_WARN_OBJC_LITERAL_CONVERSION = YES;
				CLANG_WARN_OBJC_ROOT_CLASS = YES_ERROR;
				CLANG_WARN_QUOTED_INCLUDE_IN_FRAMEWORK_HEADER = YES;
				CLANG_WARN_RANGE_LOOP_ANALYSIS = YES;
				CLANG_WARN_STRICT_PROTOTYPES = YES;
				CLANG_WARN_SUSPICIOUS_MOVE = YES;
				CLANG_WARN_UNGUARDED_AVAILABILITY = YES_AGGRESSIVE;
				CLANG_WARN_UNREACHABLE_CODE = YES;
				CLANG_WARN__DUPLICATE_METHOD_MATCH = YES;
				CODE_SIGN_STYLE = Automatic;
				COPY_PHASE_STRIP = NO;
				CURRENT_PROJECT_VERSION = 1;
				DEBUG_INFORMATION_FORMAT = dwarf;
				DEVELOPMENT_ASSET_PATHS = "\"App/Resources/Preview Content\"";
				DEVELOPMENT_TEAM = 3HY2N64MXA;
				ENABLE_PREVIEWS = YES;
				ENABLE_STRICT_OBJC_MSGSEND = YES;
				ENABLE_TESTABILITY = YES;
				ENABLE_USER_SCRIPT_SANDBOXING = YES;
				GCC_C_LANGUAGE_STANDARD = gnu17;
				GCC_DYNAMIC_NO_PIC = NO;
				GCC_NO_COMMON_BLOCKS = YES;
				GCC_OPTIMIZATION_LEVEL = 0;
				GCC_PREPROCESSOR_DEFINITIONS = (
					"DEBUG=1",
					"$(inherited)",
				);
				GCC_WARN_64_TO_32_BIT_CONVERSION = YES;
				GCC_WARN_ABOUT_RETURN_TYPE = YES_ERROR;
				GCC_WARN_UNDECLARED_SELECTOR = YES;
				GCC_WARN_UNINITIALIZED_AUTOS = YES_AGGRESSIVE;
				GCC_WARN_UNUSED_FUNCTION = YES;
				GCC_WARN_UNUSED_VARIABLE = YES;
				GENERATE_INFOPLIST_FILE = YES;
				INFOPLIST_FILE = App/Info.plist;
				INFOPLIST_KEY_CFBundleDisplayName = LKTT;
				INFOPLIST_KEY_UIApplicationSceneManifest_Generation = YES;
				INFOPLIST_KEY_UIApplicationSupportsIndirectInputEvents = YES;
				INFOPLIST_KEY_UILaunchScreen_Generation = YES;
				INFOPLIST_KEY_UISupportedInterfaceOrientations_iPad = "UIInterfaceOrientationPortrait UIInterfaceOrientationPortraitUpsideDown UIInterfaceOrientationLandscapeLeft UIInterfaceOrientationLandscapeRight";
				INFOPLIST_KEY_UISupportedInterfaceOrientations_iPhone = "UIInterfaceOrientationPortrait UIInterfaceOrientationLandscapeLeft UIInterfaceOrientationLandscapeRight";
				IPHONEOS_DEPLOYMENT_TARGET = 15.0;
				LD_RUNPATH_SEARCH_PATHS = (
					"$(inherited)",
					"@executable_path/Frameworks",
				);
				LOCALIZATION_PREFERS_STRING_CATALOGS = YES;
				MARKETING_VERSION = 1.0;
				MTL_ENABLE_DEBUG_INFO = INCLUDE_SOURCE;
				MTL_FAST_MATH = YES;
				ONLY_ACTIVE_ARCH = YES;
				PRODUCT_BUNDLE_IDENTIFIER = AO.App;
				PRODUCT_NAME = "$(TARGET_NAME)";
				SDKROOT = iphoneos;
				SWIFT_ACTIVE_COMPILATION_CONDITIONS = "DEBUG $(inherited)";
				SWIFT_EMIT_LOC_STRINGS = YES;
				SWIFT_OPTIMIZATION_LEVEL = "-Onone";
				SWIFT_VERSION = 5.0;
				TARGETED_DEVICE_FAMILY = "1,2";
			};
			name = Debug;
		};
		3AADCB552C56510B00666193 /* Release */ = {
			isa = XCBuildConfiguration;
			buildSettings = {
				ALWAYS_SEARCH_USER_PATHS = NO;
				ASSETCATALOG_COMPILER_APPICON_NAME = AppIcon;
				ASSETCATALOG_COMPILER_GENERATE_SWIFT_ASSET_SYMBOL_EXTENSIONS = YES;
				ASSETCATALOG_COMPILER_GLOBAL_ACCENT_COLOR_NAME = AccentColor;
				CLANG_ANALYZER_NONNULL = YES;
				CLANG_ANALYZER_NUMBER_OBJECT_CONVERSION = YES_AGGRESSIVE;
				CLANG_CXX_LANGUAGE_STANDARD = "gnu++20";
				CLANG_ENABLE_MODULES = YES;
				CLANG_ENABLE_OBJC_ARC = YES;
				CLANG_ENABLE_OBJC_WEAK = YES;
				CLANG_WARN_BLOCK_CAPTURE_AUTORELEASING = YES;
				CLANG_WARN_BOOL_CONVERSION = YES;
				CLANG_WARN_COMMA = YES;
				CLANG_WARN_CONSTANT_CONVERSION = YES;
				CLANG_WARN_DEPRECATED_OBJC_IMPLEMENTATIONS = YES;
				CLANG_WARN_DIRECT_OBJC_ISA_USAGE = YES_ERROR;
				CLANG_WARN_DOCUMENTATION_COMMENTS = YES;
				CLANG_WARN_EMPTY_BODY = YES;
				CLANG_WARN_ENUM_CONVERSION = YES;
				CLANG_WARN_INFINITE_RECURSION = YES;
				CLANG_WARN_INT_CONVERSION = YES;
				CLANG_WARN_NON_LITERAL_NULL_CONVERSION = YES;
				CLANG_WARN_OBJC_IMPLICIT_RETAIN_SELF = YES;
				CLANG_WARN_OBJC_LITERAL_CONVERSION = YES;
				CLANG_WARN_OBJC_ROOT_CLASS = YES_ERROR;
				CLANG_WARN_QUOTED_INCLUDE_IN_FRAMEWORK_HEADER = YES;
				CLANG_WARN_RANGE_LOOP_ANALYSIS = YES;
				CLANG_WARN_STRICT_PROTOTYPES = YES;
				CLANG_WARN_SUSPICIOUS_MOVE = YES;
				CLANG_WARN_UNGUARDED_AVAILABILITY = YES_AGGRESSIVE;
				CLANG_WARN_UNREACHABLE_CODE = YES;
				CLANG_WARN__DUPLICATE_METHOD_MATCH = YES;
				CODE_SIGN_STYLE = Automatic;
				COPY_PHASE_STRIP = NO;
				CURRENT_PROJECT_VERSION = 1;
				DEBUG_INFORMATION_FORMAT = "dwarf-with-dsym";
				DEVELOPMENT_ASSET_PATHS = "\"App/Resources/Preview Content\"";
				DEVELOPMENT_TEAM = 3HY2N64MXA;
				ENABLE_NS_ASSERTIONS = NO;
				ENABLE_PREVIEWS = YES;
				ENABLE_STRICT_OBJC_MSGSEND = YES;
				ENABLE_USER_SCRIPT_SANDBOXING = YES;
				GCC_C_LANGUAGE_STANDARD = gnu17;
				GCC_NO_COMMON_BLOCKS = YES;
				GCC_WARN_64_TO_32_BIT_CONVERSION = YES;
				GCC_WARN_ABOUT_RETURN_TYPE = YES_ERROR;
				GCC_WARN_UNDECLARED_SELECTOR = YES;
				GCC_WARN_UNINITIALIZED_AUTOS = YES_AGGRESSIVE;
				GCC_WARN_UNUSED_FUNCTION = YES;
				GCC_WARN_UNUSED_VARIABLE = YES;
				GENERATE_INFOPLIST_FILE = YES;
				INFOPLIST_FILE = App/Info.plist;
				INFOPLIST_KEY_CFBundleDisplayName = LKTT;
				INFOPLIST_KEY_UIApplicationSceneManifest_Generation = YES;
				INFOPLIST_KEY_UIApplicationSupportsIndirectInputEvents = YES;
				INFOPLIST_KEY_UILaunchScreen_Generation = YES;
				INFOPLIST_KEY_UISupportedInterfaceOrientations_iPad = "UIInterfaceOrientationPortrait UIInterfaceOrientationPortraitUpsideDown UIInterfaceOrientationLandscapeLeft UIInterfaceOrientationLandscapeRight";
				INFOPLIST_KEY_UISupportedInterfaceOrientations_iPhone = "UIInterfaceOrientationPortrait UIInterfaceOrientationLandscapeLeft UIInterfaceOrientationLandscapeRight";
				IPHONEOS_DEPLOYMENT_TARGET = 15.0;
				LD_RUNPATH_SEARCH_PATHS = (
					"$(inherited)",
					"@executable_path/Frameworks",
				);
				LOCALIZATION_PREFERS_STRING_CATALOGS = YES;
				MARKETING_VERSION = 1.0;
				MTL_ENABLE_DEBUG_INFO = NO;
				MTL_FAST_MATH = YES;
				PRODUCT_BUNDLE_IDENTIFIER = AO.App;
				PRODUCT_NAME = "$(TARGET_NAME)";
				SDKROOT = iphoneos;
				SWIFT_COMPILATION_MODE = wholemodule;
				SWIFT_EMIT_LOC_STRINGS = YES;
				SWIFT_VERSION = 5.0;
				TARGETED_DEVICE_FAMILY = "1,2";
				VALIDATE_PRODUCT = YES;
			};
			name = Release;
		};
/* End XCBuildConfiguration section */

/* Begin XCConfigurationList section */
		3AADCB402C5650FC00666193 /* Build configuration list for PBXProject "LKTT" */ = {
			isa = XCConfigurationList;
			buildConfigurations = (
				3AADCB412C5650FC00666193 /* Debug */,
				3AADCB422C5650FC00666193 /* Release */,
			);
			defaultConfigurationIsVisible = 0;
			defaultConfigurationName = Release;
		};
		3AADCB532C56510B00666193 /* Build configuration list for PBXNativeTarget "App" */ = {
			isa = XCConfigurationList;
			buildConfigurations = (
				3AADCB542C56510B00666193 /* Debug */,
				3AADCB552C56510B00666193 /* Release */,
			);
			defaultConfigurationIsVisible = 0;
			defaultConfigurationName = Release;
		};
/* End XCConfigurationList section */

/* Begin XCSwiftPackageProductDependency section */
		3A59F6002C5686F500118B9D /* ILScreenRoot */ = {
			isa = XCSwiftPackageProductDependency;
			productName = ILScreenRoot;
		};
		3A59F6042C569BB300118B9D /* ILScreenFeed */ = {
			isa = XCSwiftPackageProductDependency;
			productName = ILScreenFeed;
		};
		3A59F6062C569E2F00118B9D /* DLNetwork */ = {
			isa = XCSwiftPackageProductDependency;
			productName = DLNetwork;
		};
/* End XCSwiftPackageProductDependency section */
	};
	rootObject = 3AADCB3D2C5650FC00666193 /* Project object */;
}
